
Microsoft Visual Studio Solution File, Format Version 12.00
# Visual Studio Version 16
VisualStudioVersion = 16.0.30413.136
MinimumVisualStudioVersion = 10.0.40219.1
Project("{FAE04EC0-301F-11D3-BF4B-00C04F79EFBC}") = "mvvmTest", "mvvmTest\mvvmTest.csproj", "{7F870010-2307-4B31-A60B-5953EF77D4F0}"
EndProject
Global
	GlobalSection(SolutionConfigurationPlatforms) = preSolution
		Debug|Any CPU = Debug|Any CPU
		Release|Any CPU = Release|Any CPU
	EndGlobalSection
	GlobalSection(ProjectConfigurationPlatforms) = postSolution
		{7F870010-2307-4B31-A60B-5953EF77D4F0}.Debug|Any CPU.ActiveCfg = Debug|Any CPU
		{7F870010-2307-4B31-A60B-5953EF77D4F0}.Debug|Any CPU.Build.0 = Debug|Any CPU
		{7F870010-2307-4B31-A60B-5953EF77D4F0}.Release|Any CPU.ActiveCfg = Release|Any CPU
		{7F870010-2307-4B31-A60B-5953EF77D4F0}.Release|Any CPU.Build.0 = Release|Any CPU
	EndGlobalSection
	GlobalSection(SolutionProperties) = preSolution
		HideSolutionNode = FALSE
	EndGlobalSection
	GlobalSection(ExtensibilityGlobals) = postSolution
		SolutionGuid = {A6B4BAAA-C8DB-41C9-94B1-0CD1D9B9E3D8}
	EndGlobalSection
EndGlobal
